
Microsoft Visual Studio Solution File, Format Version 12.00
# Visual Studio Version 17
VisualStudioVersion = 17.10.34607.79
MinimumVisualStudioVersion = 10.0.40219.1
Project("{FAE04EC0-301F-11D3-BF4B-00C04F79EFBC}") = "Movies_BlazorWASM", "Movies_BlazorWASM.csproj", "{4DF93C07-CB8F-47EB-88FC-B468DB4343C2}"
EndProject
Project("{FAE04EC0-301F-11D3-BF4B-00C04F79EFBC}") = "Movies_Wasm", "..\Movies_Wasm\Movies_Wasm\Movies_Wasm.csproj", "{179EED25-5F31-469B-968A-874280A8C17D}"
EndProject
Project("{FAE04EC0-301F-11D3-BF4B-00C04F79EFBC}") = "Movies_Wasm.Client", "..\Movies_Wasm\Movies_Wasm.Client\Movies_Wasm.Client.csproj", "{F9B4A446-821C-45C3-9E03-323D310EC219}"
EndProject
Global
	GlobalSection(SolutionConfigurationPlatforms) = preSolution
		Debug|Any CPU = Debug|Any CPU
		Release|Any CPU = Release|Any CPU
	EndGlobalSection
	GlobalSection(ProjectConfigurationPlatforms) = postSolution
		{4DF93C07-CB8F-47EB-88FC-B468DB4343C2}.Debug|Any CPU.ActiveCfg = Debug|Any CPU
		{4DF93C07-CB8F-47EB-88FC-B468DB4343C2}.Debug|Any CPU.Build.0 = Debug|Any CPU
		{4DF93C07-CB8F-47EB-88FC-B468DB4343C2}.Release|Any CPU.ActiveCfg = Release|Any CPU
		{4DF93C07-CB8F-47EB-88FC-B468DB4343C2}.Release|Any CPU.Build.0 = Release|Any CPU
		{179EED25-5F31-469B-968A-874280A8C17D}.Debug|Any CPU.ActiveCfg = Debug|Any CPU
		{179EED25-5F31-469B-968A-874280A8C17D}.Debug|Any CPU.Build.0 = Debug|Any CPU
		{179EED25-5F31-469B-968A-874280A8C17D}.Release|Any CPU.ActiveCfg = Release|Any CPU
		{179EED25-5F31-469B-968A-874280A8C17D}.Release|Any CPU.Build.0 = Release|Any CPU
		{F9B4A446-821C-45C3-9E03-323D310EC219}.Debug|Any CPU.ActiveCfg = Debug|Any CPU
		{F9B4A446-821C-45C3-9E03-323D310EC219}.Debug|Any CPU.Build.0 = Debug|Any CPU
		{F9B4A446-821C-45C3-9E03-323D310EC219}.Release|Any CPU.ActiveCfg = Release|Any CPU
		{F9B4A446-821C-45C3-9E03-323D310EC219}.Release|Any CPU.Build.0 = Release|Any CPU
	EndGlobalSection
	GlobalSection(SolutionProperties) = preSolution
		HideSolutionNode = FALSE
	EndGlobalSection
	GlobalSection(ExtensibilityGlobals) = postSolution
		SolutionGuid = {8F286A24-8143-4762-A800-74BDDED76445}
	EndGlobalSection
EndGlobal
