
Microsoft Visual Studio Solution File, Format Version 12.00
# Visual Studio Version 17
VisualStudioVersion = 17.10.34607.79
MinimumVisualStudioVersion = 10.0.40219.1
Project("{9A19103F-16F7-4668-BE54-9A1E7A4F7556}") = "Movies_BlazorWASM", "Movies_BlazorWASM.csproj", "{4DF93C07-CB8F-47EB-88FC-B468DB4343C2}"
EndProject
Project("{FAE04EC0-301F-11D3-BF4B-00C04F79EFBC}") = "KiotaMovies", "..\KiotaMovies\KiotaMovies.csproj", "{3339854C-9311-4C27-A4F8-18396093A246}"
EndProject
Global
	GlobalSection(SolutionConfigurationPlatforms) = preSolution
		Debug|Any CPU = Debug|Any CPU
		Release|Any CPU = Release|Any CPU
	EndGlobalSection
	GlobalSection(ProjectConfigurationPlatforms) = postSolution
		{4DF93C07-CB8F-47EB-88FC-B468DB4343C2}.Debug|Any CPU.ActiveCfg = Debug|Any CPU
		{4DF93C07-CB8F-47EB-88FC-B468DB4343C2}.Debug|Any CPU.Build.0 = Debug|Any CPU
		{4DF93C07-CB8F-47EB-88FC-B468DB4343C2}.Release|Any CPU.ActiveCfg = Release|Any CPU
		{4DF93C07-CB8F-47EB-88FC-B468DB4343C2}.Release|Any CPU.Build.0 = Release|Any CPU
		{3339854C-9311-4C27-A4F8-18396093A246}.Debug|Any CPU.ActiveCfg = Debug|Any CPU
		{3339854C-9311-4C27-A4F8-18396093A246}.Debug|Any CPU.Build.0 = Debug|Any CPU
		{3339854C-9311-4C27-A4F8-18396093A246}.Release|Any CPU.ActiveCfg = Release|Any CPU
		{3339854C-9311-4C27-A4F8-18396093A246}.Release|Any CPU.Build.0 = Release|Any CPU
	EndGlobalSection
	GlobalSection(SolutionProperties) = preSolution
		HideSolutionNode = FALSE
	EndGlobalSection
	GlobalSection(ExtensibilityGlobals) = postSolution
		SolutionGuid = {8F286A24-8143-4762-A800-74BDDED76445}
	EndGlobalSection
EndGlobal
